// !$*UTF8*$!
{
	archiveVersion = 1;
	classes = {
	};
	objectVersion = 55;
	objects = {

/* Begin PBXBuildFile section */
		0000BA6729202B4A00B99039 /* GameViewController+Ext.swift in Sources */ = {isa = PBXBuildFile; fileRef = 0000BA6629202B4A00B99039 /* GameViewController+Ext.swift */; };
		0000BA692920330000B99039 /* MonopolyMusic2.mp3 in Resources */ = {isa = PBXBuildFile; fileRef = 0000BA682920330000B99039 /* MonopolyMusic2.mp3 */; };
		0000BA6B292033C100B99039 /* MonopolyMusic3.mp3 in Resources */ = {isa = PBXBuildFile; fileRef = 0000BA6A292033C100B99039 /* MonopolyMusic3.mp3 */; };
		0000BA7029203B8900B99039 /* BoardScene.swift in Sources */ = {isa = PBXBuildFile; fileRef = 0000BA6F29203B8900B99039 /* BoardScene.swift */; };
		0006FC75291F7C470023DBAE /* Play.swift in Sources */ = {isa = PBXBuildFile; fileRef = 0006FC74291F7C470023DBAE /* Play.swift */; };
		0006FC7B291F81850023DBAE /* dice_collision2.wav in Resources */ = {isa = PBXBuildFile; fileRef = 0006FC76291F81850023DBAE /* dice_collision2.wav */; };
		0006FC7D291F81850023DBAE /* dice_collision4.wav in Resources */ = {isa = PBXBuildFile; fileRef = 0006FC78291F81850023DBAE /* dice_collision4.wav */; };
		0006FC7E291F81850023DBAE /* dice_collision3.wav in Resources */ = {isa = PBXBuildFile; fileRef = 0006FC79291F81850023DBAE /* dice_collision3.wav */; };
		0006FC7F291F81850023DBAE /* dice_collision1.wav in Resources */ = {isa = PBXBuildFile; fileRef = 0006FC7A291F81850023DBAE /* dice_collision1.wav */; };
		0006FC83291F81EF0023DBAE /* String+Extension.swift in Sources */ = {isa = PBXBuildFile; fileRef = 0006FC81291F81EF0023DBAE /* String+Extension.swift */; };
		0006FC84291F81EF0023DBAE /* makeNSMutableAttributedString.swift in Sources */ = {isa = PBXBuildFile; fileRef = 0006FC82291F81EF0023DBAE /* makeNSMutableAttributedString.swift */; };
		0006FC87291F85CC0023DBAE /* SoundAndHapticController.swift in Sources */ = {isa = PBXBuildFile; fileRef = 0006FC86291F85CC0023DBAE /* SoundAndHapticController.swift */; };
		0006FC8C291F88D20023DBAE /* Color.swift in Sources */ = {isa = PBXBuildFile; fileRef = 0006FC89291F88D20023DBAE /* Color.swift */; };
		0006FC8D291F88D20023DBAE /* Player.swift in Sources */ = {isa = PBXBuildFile; fileRef = 0006FC8A291F88D20023DBAE /* Player.swift */; };
		0006FC8E291F88D20023DBAE /* Property.swift in Sources */ = {isa = PBXBuildFile; fileRef = 0006FC8B291F88D20023DBAE /* Property.swift */; };
		0006FC90291FAF940023DBAE /* Constants.swift in Sources */ = {isa = PBXBuildFile; fileRef = 0006FC8F291FAF940023DBAE /* Constants.swift */; };
		0006FC97291FB9050023DBAE /* LandingVc.swift in Sources */ = {isa = PBXBuildFile; fileRef = 0006FC96291FB9050023DBAE /* LandingVc.swift */; };
		0006FC9B291FBB440023DBAE /* PlayerSetupCell.swift in Sources */ = {isa = PBXBuildFile; fileRef = 0006FC99291FBB440023DBAE /* PlayerSetupCell.swift */; };
		0006FC9C291FBB440023DBAE /* PlayerSetupCell.xib in Resources */ = {isa = PBXBuildFile; fileRef = 0006FC9A291FBB440023DBAE /* PlayerSetupCell.xib */; };
		0006FC9F291FC0830023DBAE /* All.swift in Sources */ = {isa = PBXBuildFile; fileRef = 0006FC9E291FC0830023DBAE /* All.swift */; };
		0006FCA1291FDB200023DBAE /* Alerts.swift in Sources */ = {isa = PBXBuildFile; fileRef = 0006FCA0291FDB200023DBAE /* Alerts.swift */; };
		0006FCA6291FE60D0023DBAE /* PlayerCell.swift in Sources */ = {isa = PBXBuildFile; fileRef = 0006FCA4291FE60D0023DBAE /* PlayerCell.swift */; };
		0006FCA7291FE60D0023DBAE /* PlayerCell.xib in Resources */ = {isa = PBXBuildFile; fileRef = 0006FCA5291FE60D0023DBAE /* PlayerCell.xib */; };
		001D087F2923FC680072FC77 /* tax.json in Resources */ = {isa = PBXBuildFile; fileRef = 001D087E2923FC680072FC77 /* tax.json */; };
		001D08812923FDB00072FC77 /* tax.mp3 in Resources */ = {isa = PBXBuildFile; fileRef = 001D08802923FDB00072FC77 /* tax.mp3 */; };
		001D08832924019C0072FC77 /* money_receive.json in Resources */ = {isa = PBXBuildFile; fileRef = 001D08822924019C0072FC77 /* money_receive.json */; };
		001D08852924022F0072FC77 /* rail.json in Resources */ = {isa = PBXBuildFile; fileRef = 001D08842924022F0072FC77 /* rail.json */; };
		001D0887292402F30072FC77 /* rail.mp3 in Resources */ = {isa = PBXBuildFile; fileRef = 001D0886292402F30072FC77 /* rail.mp3 */; };
		001D0889292405190072FC77 /* light.json in Resources */ = {isa = PBXBuildFile; fileRef = 001D0888292405190072FC77 /* light.json */; };
		001D088B2924057A0072FC77 /* light.mp3 in Resources */ = {isa = PBXBuildFile; fileRef = 001D088A2924057A0072FC77 /* light.mp3 */; };
		001D088D2924060F0072FC77 /* parking.json in Resources */ = {isa = PBXBuildFile; fileRef = 001D088C2924060F0072FC77 /* parking.json */; };
		001D088F292406FD0072FC77 /* parking.mp3 in Resources */ = {isa = PBXBuildFile; fileRef = 001D088E292406FD0072FC77 /* parking.mp3 */; };
		001D08912924091A0072FC77 /* water.json in Resources */ = {isa = PBXBuildFile; fileRef = 001D08902924091A0072FC77 /* water.json */; };
		001D089529240C0C0072FC77 /* water.mp3 in Resources */ = {isa = PBXBuildFile; fileRef = 001D089429240C0C0072FC77 /* water.mp3 */; };
		001D089729241ABE0072FC77 /* ChanceVC.swift in Sources */ = {isa = PBXBuildFile; fileRef = 001D089629241ABE0072FC77 /* ChanceVC.swift */; };
		001D089929241E8D0072FC77 /* BoardScene+Action.swift in Sources */ = {isa = PBXBuildFile; fileRef = 001D089829241E8D0072FC77 /* BoardScene+Action.swift */; };
		001D089B2924259D0072FC77 /* star.json in Resources */ = {isa = PBXBuildFile; fileRef = 001D089A2924259D0072FC77 /* star.json */; };
		001D089D292429C20072FC77 /* PropertyCardVc.swift in Sources */ = {isa = PBXBuildFile; fileRef = 001D089C292429C20072FC77 /* PropertyCardVc.swift */; };
		001D089F292431BD0072FC77 /* card.mp3 in Resources */ = {isa = PBXBuildFile; fileRef = 001D089E292431BD0072FC77 /* card.mp3 */; };
		002D99BD2921AABA00ED80CE /* IQTextView.swift in Sources */ = {isa = PBXBuildFile; fileRef = 002D99A22921AABA00ED80CE /* IQTextView.swift */; };
		002D99BE2921AABA00ED80CE /* IQKeyboardManager+Internal.swift in Sources */ = {isa = PBXBuildFile; fileRef = 002D99A32921AABA00ED80CE /* IQKeyboardManager+Internal.swift */; };
		002D99BF2921AABA00ED80CE /* IQPreviousNextView.swift in Sources */ = {isa = PBXBuildFile; fileRef = 002D99A52921AABA00ED80CE /* IQPreviousNextView.swift */; };
		002D99C02921AABA00ED80CE /* IQTitleBarButtonItem.swift in Sources */ = {isa = PBXBuildFile; fileRef = 002D99A62921AABA00ED80CE /* IQTitleBarButtonItem.swift */; };
		002D99C12921AABA00ED80CE /* IQBarButtonItem.swift in Sources */ = {isa = PBXBuildFile; fileRef = 002D99A72921AABA00ED80CE /* IQBarButtonItem.swift */; };
		002D99C22921AABA00ED80CE /* IQToolbar.swift in Sources */ = {isa = PBXBuildFile; fileRef = 002D99A82921AABA00ED80CE /* IQToolbar.swift */; };
		002D99C32921AABA00ED80CE /* IQUIView+IQKeyboardToolbar.swift in Sources */ = {isa = PBXBuildFile; fileRef = 002D99A92921AABA00ED80CE /* IQUIView+IQKeyboardToolbar.swift */; };
		002D99C42921AABA00ED80CE /* IQInvocation.swift in Sources */ = {isa = PBXBuildFile; fileRef = 002D99AA2921AABA00ED80CE /* IQInvocation.swift */; };
		002D99C52921AABA00ED80CE /* IQKeyboardManager+UIKeyboardNotification.swift in Sources */ = {isa = PBXBuildFile; fileRef = 002D99AB2921AABA00ED80CE /* IQKeyboardManager+UIKeyboardNotification.swift */; };
		002D99C62921AABA00ED80CE /* IQKeyboardManagerConstantsInternal.swift in Sources */ = {isa = PBXBuildFile; fileRef = 002D99AD2921AABA00ED80CE /* IQKeyboardManagerConstantsInternal.swift */; };
		002D99C72921AABA00ED80CE /* IQKeyboardManagerConstants.swift in Sources */ = {isa = PBXBuildFile; fileRef = 002D99AE2921AABA00ED80CE /* IQKeyboardManagerConstants.swift */; };
		002D99C82921AABA00ED80CE /* IQKeyboardManager+Position.swift in Sources */ = {isa = PBXBuildFile; fileRef = 002D99AF2921AABA00ED80CE /* IQKeyboardManager+Position.swift */; };
		002D99C92921AABA00ED80CE /* IQKeyboardReturnKeyHandler.swift in Sources */ = {isa = PBXBuildFile; fileRef = 002D99B02921AABA00ED80CE /* IQKeyboardReturnKeyHandler.swift */; };
		002D99CA2921AABA00ED80CE /* IQKeyboardManager.swift in Sources */ = {isa = PBXBuildFile; fileRef = 002D99B12921AABA00ED80CE /* IQKeyboardManager.swift */; };
		002D99CB2921AABA00ED80CE /* IQKeyboardManager+Debug.swift in Sources */ = {isa = PBXBuildFile; fileRef = 002D99B22921AABA00ED80CE /* IQKeyboardManager+Debug.swift */; };
		002D99CC2921AABA00ED80CE /* IQKeyboardManager+OrientationNotification.swift in Sources */ = {isa = PBXBuildFile; fileRef = 002D99B32921AABA00ED80CE /* IQKeyboardManager+OrientationNotification.swift */; };
		002D99CD2921AABA00ED80CE /* IQKeyboardManager+Toolbar.swift in Sources */ = {isa = PBXBuildFile; fileRef = 002D99B42921AABA00ED80CE /* IQKeyboardManager+Toolbar.swift */; };
		002D99CE2921AABA00ED80CE /* IQUIScrollView+Additions.swift in Sources */ = {isa = PBXBuildFile; fileRef = 002D99B72921AABA00ED80CE /* IQUIScrollView+Additions.swift */; };
		002D99CF2921AABA00ED80CE /* IQUIViewController+Additions.swift in Sources */ = {isa = PBXBuildFile; fileRef = 002D99B82921AABA00ED80CE /* IQUIViewController+Additions.swift */; };
		002D99D02921AABA00ED80CE /* IQUITextFieldView+Additions.swift in Sources */ = {isa = PBXBuildFile; fileRef = 002D99B92921AABA00ED80CE /* IQUITextFieldView+Additions.swift */; };
		002D99D12921AABA00ED80CE /* IQUIView+Hierarchy.swift in Sources */ = {isa = PBXBuildFile; fileRef = 002D99BA2921AABA00ED80CE /* IQUIView+Hierarchy.swift */; };
		002D99D22921AABA00ED80CE /* IQNSArray+Sort.swift in Sources */ = {isa = PBXBuildFile; fileRef = 002D99BB2921AABA00ED80CE /* IQNSArray+Sort.swift */; };
		002D99D32921AABA00ED80CE /* IQKeyboardManager+UITextFieldViewNotification.swift in Sources */ = {isa = PBXBuildFile; fileRef = 002D99BC2921AABA00ED80CE /* IQKeyboardManager+UITextFieldViewNotification.swift */; };
		003A26C62919F4B200821AAA /* AppDelegate.swift in Sources */ = {isa = PBXBuildFile; fileRef = 003A26C52919F4B200821AAA /* AppDelegate.swift */; };
		003A26CA2919F4B200821AAA /* Actions.sks in Resources */ = {isa = PBXBuildFile; fileRef = 003A26C92919F4B200821AAA /* Actions.sks */; };
		003A26CE2919F4B200821AAA /* GameViewController.swift in Sources */ = {isa = PBXBuildFile; fileRef = 003A26CD2919F4B200821AAA /* GameViewController.swift */; };
		003A26D12919F4B200821AAA /* Main.storyboard in Resources */ = {isa = PBXBuildFile; fileRef = 003A26CF2919F4B200821AAA /* Main.storyboard */; };
		003A26D32919F4B300821AAA /* Assets.xcassets in Resources */ = {isa = PBXBuildFile; fileRef = 003A26D22919F4B300821AAA /* Assets.xcassets */; };
		003A26D62919F4B300821AAA /* LaunchScreen.storyboard in Resources */ = {isa = PBXBuildFile; fileRef = 003A26D42919F4B300821AAA /* LaunchScreen.storyboard */; };
		0043A44E2926598400C1D2CC /* Assets.swift in Sources */ = {isa = PBXBuildFile; fileRef = 0043A44D2926598400C1D2CC /* Assets.swift */; };
		004D3D6B291F04D00050D396 /* BoardScene.sks in Resources */ = {isa = PBXBuildFile; fileRef = 004D3D6A291F04D00050D396 /* BoardScene.sks */; };
		004D3D6E291F12280050D396 /* MonopolyMusic.mp3 in Resources */ = {isa = PBXBuildFile; fileRef = 004D3D6D291F12280050D396 /* MonopolyMusic.mp3 */; };
		0056EA59292284610090EC72 /* jail.json in Resources */ = {isa = PBXBuildFile; fileRef = 0056EA58292284610090EC72 /* jail.json */; };
		0056EA5B29228FC70090EC72 /* jail.mp3 in Resources */ = {isa = PBXBuildFile; fileRef = 0056EA5A29228FC70090EC72 /* jail.mp3 */; };
		0056EA5D29229C740090EC72 /* chance.json in Resources */ = {isa = PBXBuildFile; fileRef = 0056EA5C29229C740090EC72 /* chance.json */; };
		0056EA5F2922A2B50090EC72 /* chance.mp3 in Resources */ = {isa = PBXBuildFile; fileRef = 0056EA5E2922A2B50090EC72 /* chance.mp3 */; };
		008A556B292112C90001AEBB /* move.mp3 in Resources */ = {isa = PBXBuildFile; fileRef = 008A556A292112C90001AEBB /* move.mp3 */; };
		008A556D292115950001AEBB /* AudioManager.swift in Sources */ = {isa = PBXBuildFile; fileRef = 008A556C292115950001AEBB /* AudioManager.swift */; };
		008F5646292EB5E90085BD51 /* sad.json in Resources */ = {isa = PBXBuildFile; fileRef = 008F5645292EB5E90085BD51 /* sad.json */; };
		008F564A292EC7320085BD51 /* sad.mp3 in Resources */ = {isa = PBXBuildFile; fileRef = 008F5649292EC7320085BD51 /* sad.mp3 */; };
		00C6FF6E2922ABAA0042F5C2 /* chest.json in Resources */ = {isa = PBXBuildFile; fileRef = 00C6FF6D2922ABAA0042F5C2 /* chest.json */; };
		00C6FF702922ACC10042F5C2 /* chest.mp3 in Resources */ = {isa = PBXBuildFile; fileRef = 00C6FF6F2922ACC10042F5C2 /* chest.mp3 */; };
		00D6EB1629226712006D4BEA /* Lottie in Frameworks */ = {isa = PBXBuildFile; productRef = 00D6EB1529226712006D4BEA /* Lottie */; };
		4546E2F629274F9000F5CFCB /* Chances.swift in Sources */ = {isa = PBXBuildFile; fileRef = 4546E2F529274F9000F5CFCB /* Chances.swift */; };
		4546E2F829275AD100F5CFCB /* List+Extension.swift in Sources */ = {isa = PBXBuildFile; fileRef = 4546E2F729275AD100F5CFCB /* List+Extension.swift */; };
		4546E2FA2927612E00F5CFCB /* CommunityChest.swift in Sources */ = {isa = PBXBuildFile; fileRef = 4546E2F92927612E00F5CFCB /* CommunityChest.swift */; };
/* End PBXBuildFile section */

/* Begin PBXFileReference section */
		0000BA6629202B4A00B99039 /* GameViewController+Ext.swift */ = {isa = PBXFileReference; lastKnownFileType = sourcecode.swift; path = "GameViewController+Ext.swift"; sourceTree = "<group>"; };
		0000BA682920330000B99039 /* MonopolyMusic2.mp3 */ = {isa = PBXFileReference; lastKnownFileType = audio.mp3; path = MonopolyMusic2.mp3; sourceTree = "<group>"; };
		0000BA6A292033C100B99039 /* MonopolyMusic3.mp3 */ = {isa = PBXFileReference; lastKnownFileType = audio.mp3; path = MonopolyMusic3.mp3; sourceTree = "<group>"; };
		0000BA6F29203B8900B99039 /* BoardScene.swift */ = {isa = PBXFileReference; lastKnownFileType = sourcecode.swift; path = BoardScene.swift; sourceTree = "<group>"; };
		0006FC74291F7C470023DBAE /* Play.swift */ = {isa = PBXFileReference; lastKnownFileType = sourcecode.swift; path = Play.swift; sourceTree = "<group>"; };
		0006FC76291F81850023DBAE /* dice_collision2.wav */ = {isa = PBXFileReference; lastKnownFileType = audio.wav; path = dice_collision2.wav; sourceTree = "<group>"; };
		0006FC78291F81850023DBAE /* dice_collision4.wav */ = {isa = PBXFileReference; lastKnownFileType = audio.wav; path = dice_collision4.wav; sourceTree = "<group>"; };
		0006FC79291F81850023DBAE /* dice_collision3.wav */ = {isa = PBXFileReference; lastKnownFileType = audio.wav; path = dice_collision3.wav; sourceTree = "<group>"; };
		0006FC7A291F81850023DBAE /* dice_collision1.wav */ = {isa = PBXFileReference; lastKnownFileType = audio.wav; path = dice_collision1.wav; sourceTree = "<group>"; };
		0006FC81291F81EF0023DBAE /* String+Extension.swift */ = {isa = PBXFileReference; fileEncoding = 4; lastKnownFileType = sourcecode.swift; path = "String+Extension.swift"; sourceTree = "<group>"; };
		0006FC82291F81EF0023DBAE /* makeNSMutableAttributedString.swift */ = {isa = PBXFileReference; fileEncoding = 4; lastKnownFileType = sourcecode.swift; path = makeNSMutableAttributedString.swift; sourceTree = "<group>"; };
		0006FC86291F85CC0023DBAE /* SoundAndHapticController.swift */ = {isa = PBXFileReference; fileEncoding = 4; lastKnownFileType = sourcecode.swift; path = SoundAndHapticController.swift; sourceTree = "<group>"; };
		0006FC89291F88D20023DBAE /* Color.swift */ = {isa = PBXFileReference; fileEncoding = 4; lastKnownFileType = sourcecode.swift; path = Color.swift; sourceTree = "<group>"; };
		0006FC8A291F88D20023DBAE /* Player.swift */ = {isa = PBXFileReference; fileEncoding = 4; lastKnownFileType = sourcecode.swift; path = Player.swift; sourceTree = "<group>"; };
		0006FC8B291F88D20023DBAE /* Property.swift */ = {isa = PBXFileReference; fileEncoding = 4; lastKnownFileType = sourcecode.swift; path = Property.swift; sourceTree = "<group>"; };
		0006FC8F291FAF940023DBAE /* Constants.swift */ = {isa = PBXFileReference; fileEncoding = 4; lastKnownFileType = sourcecode.swift; path = Constants.swift; sourceTree = "<group>"; };
		0006FC92291FAFFC0023DBAE /* Lato-Light.ttf */ = {isa = PBXFileReference; lastKnownFileType = file; path = "Lato-Light.ttf"; sourceTree = "<group>"; };
		0006FC93291FAFFC0023DBAE /* Lato-Bold.ttf */ = {isa = PBXFileReference; lastKnownFileType = file; path = "Lato-Bold.ttf"; sourceTree = "<group>"; };
		0006FC94291FAFFC0023DBAE /* Lato-Regular.ttf */ = {isa = PBXFileReference; lastKnownFileType = file; path = "Lato-Regular.ttf"; sourceTree = "<group>"; };
		0006FC96291FB9050023DBAE /* LandingVc.swift */ = {isa = PBXFileReference; lastKnownFileType = sourcecode.swift; path = LandingVc.swift; sourceTree = "<group>"; };
		0006FC99291FBB440023DBAE /* PlayerSetupCell.swift */ = {isa = PBXFileReference; lastKnownFileType = sourcecode.swift; path = PlayerSetupCell.swift; sourceTree = "<group>"; };
		0006FC9A291FBB440023DBAE /* PlayerSetupCell.xib */ = {isa = PBXFileReference; lastKnownFileType = file.xib; path = PlayerSetupCell.xib; sourceTree = "<group>"; };
		0006FC9E291FC0830023DBAE /* All.swift */ = {isa = PBXFileReference; lastKnownFileType = sourcecode.swift; path = All.swift; sourceTree = "<group>"; };
		0006FCA0291FDB200023DBAE /* Alerts.swift */ = {isa = PBXFileReference; lastKnownFileType = sourcecode.swift; path = Alerts.swift; sourceTree = "<group>"; };
		0006FCA4291FE60D0023DBAE /* PlayerCell.swift */ = {isa = PBXFileReference; lastKnownFileType = sourcecode.swift; path = PlayerCell.swift; sourceTree = "<group>"; };
		0006FCA5291FE60D0023DBAE /* PlayerCell.xib */ = {isa = PBXFileReference; lastKnownFileType = file.xib; path = PlayerCell.xib; sourceTree = "<group>"; };
		001D087E2923FC680072FC77 /* tax.json */ = {isa = PBXFileReference; fileEncoding = 4; lastKnownFileType = text.json; path = tax.json; sourceTree = "<group>"; };
		001D08802923FDB00072FC77 /* tax.mp3 */ = {isa = PBXFileReference; lastKnownFileType = audio.mp3; path = tax.mp3; sourceTree = "<group>"; };
		001D08822924019C0072FC77 /* money_receive.json */ = {isa = PBXFileReference; fileEncoding = 4; lastKnownFileType = text.json; path = money_receive.json; sourceTree = "<group>"; };
		001D08842924022F0072FC77 /* rail.json */ = {isa = PBXFileReference; fileEncoding = 4; lastKnownFileType = text.json; path = rail.json; sourceTree = "<group>"; };
		001D0886292402F30072FC77 /* rail.mp3 */ = {isa = PBXFileReference; lastKnownFileType = audio.mp3; path = rail.mp3; sourceTree = "<group>"; };
		001D0888292405190072FC77 /* light.json */ = {isa = PBXFileReference; fileEncoding = 4; lastKnownFileType = text.json; path = light.json; sourceTree = "<group>"; };
		001D088A2924057A0072FC77 /* light.mp3 */ = {isa = PBXFileReference; lastKnownFileType = audio.mp3; path = light.mp3; sourceTree = "<group>"; };
		001D088C2924060F0072FC77 /* parking.json */ = {isa = PBXFileReference; fileEncoding = 4; lastKnownFileType = text.json; path = parking.json; sourceTree = "<group>"; };
		001D088E292406FD0072FC77 /* parking.mp3 */ = {isa = PBXFileReference; lastKnownFileType = audio.mp3; path = parking.mp3; sourceTree = "<group>"; };
		001D08902924091A0072FC77 /* water.json */ = {isa = PBXFileReference; fileEncoding = 4; lastKnownFileType = text.json; path = water.json; sourceTree = "<group>"; };
		001D089429240C0C0072FC77 /* water.mp3 */ = {isa = PBXFileReference; lastKnownFileType = audio.mp3; path = water.mp3; sourceTree = "<group>"; };
		001D089629241ABE0072FC77 /* ChanceVC.swift */ = {isa = PBXFileReference; lastKnownFileType = sourcecode.swift; path = ChanceVC.swift; sourceTree = "<group>"; };
		001D089829241E8D0072FC77 /* BoardScene+Action.swift */ = {isa = PBXFileReference; lastKnownFileType = sourcecode.swift; path = "BoardScene+Action.swift"; sourceTree = "<group>"; };
		001D089A2924259D0072FC77 /* star.json */ = {isa = PBXFileReference; fileEncoding = 4; lastKnownFileType = text.json; path = star.json; sourceTree = "<group>"; };
		001D089C292429C20072FC77 /* PropertyCardVc.swift */ = {isa = PBXFileReference; lastKnownFileType = sourcecode.swift; path = PropertyCardVc.swift; sourceTree = "<group>"; };
		001D089E292431BD0072FC77 /* card.mp3 */ = {isa = PBXFileReference; lastKnownFileType = audio.mp3; path = card.mp3; sourceTree = "<group>"; };
		002D99A22921AABA00ED80CE /* IQTextView.swift */ = {isa = PBXFileReference; fileEncoding = 4; lastKnownFileType = sourcecode.swift; path = IQTextView.swift; sourceTree = "<group>"; };
		002D99A32921AABA00ED80CE /* IQKeyboardManager+Internal.swift */ = {isa = PBXFileReference; fileEncoding = 4; lastKnownFileType = sourcecode.swift; path = "IQKeyboardManager+Internal.swift"; sourceTree = "<group>"; };
		002D99A52921AABA00ED80CE /* IQPreviousNextView.swift */ = {isa = PBXFileReference; fileEncoding = 4; lastKnownFileType = sourcecode.swift; path = IQPreviousNextView.swift; sourceTree = "<group>"; };
		002D99A62921AABA00ED80CE /* IQTitleBarButtonItem.swift */ = {isa = PBXFileReference; fileEncoding = 4; lastKnownFileType = sourcecode.swift; path = IQTitleBarButtonItem.swift; sourceTree = "<group>"; };
		002D99A72921AABA00ED80CE /* IQBarButtonItem.swift */ = {isa = PBXFileReference; fileEncoding = 4; lastKnownFileType = sourcecode.swift; path = IQBarButtonItem.swift; sourceTree = "<group>"; };
		002D99A82921AABA00ED80CE /* IQToolbar.swift */ = {isa = PBXFileReference; fileEncoding = 4; lastKnownFileType = sourcecode.swift; path = IQToolbar.swift; sourceTree = "<group>"; };
		002D99A92921AABA00ED80CE /* IQUIView+IQKeyboardToolbar.swift */ = {isa = PBXFileReference; fileEncoding = 4; lastKnownFileType = sourcecode.swift; path = "IQUIView+IQKeyboardToolbar.swift"; sourceTree = "<group>"; };
		002D99AA2921AABA00ED80CE /* IQInvocation.swift */ = {isa = PBXFileReference; fileEncoding = 4; lastKnownFileType = sourcecode.swift; path = IQInvocation.swift; sourceTree = "<group>"; };
		002D99AB2921AABA00ED80CE /* IQKeyboardManager+UIKeyboardNotification.swift */ = {isa = PBXFileReference; fileEncoding = 4; lastKnownFileType = sourcecode.swift; path = "IQKeyboardManager+UIKeyboardNotification.swift"; sourceTree = "<group>"; };
		002D99AD2921AABA00ED80CE /* IQKeyboardManagerConstantsInternal.swift */ = {isa = PBXFileReference; fileEncoding = 4; lastKnownFileType = sourcecode.swift; path = IQKeyboardManagerConstantsInternal.swift; sourceTree = "<group>"; };
		002D99AE2921AABA00ED80CE /* IQKeyboardManagerConstants.swift */ = {isa = PBXFileReference; fileEncoding = 4; lastKnownFileType = sourcecode.swift; path = IQKeyboardManagerConstants.swift; sourceTree = "<group>"; };
		002D99AF2921AABA00ED80CE /* IQKeyboardManager+Position.swift */ = {isa = PBXFileReference; fileEncoding = 4; lastKnownFileType = sourcecode.swift; path = "IQKeyboardManager+Position.swift"; sourceTree = "<group>"; };
		002D99B02921AABA00ED80CE /* IQKeyboardReturnKeyHandler.swift */ = {isa = PBXFileReference; fileEncoding = 4; lastKnownFileType = sourcecode.swift; path = IQKeyboardReturnKeyHandler.swift; sourceTree = "<group>"; };
		002D99B12921AABA00ED80CE /* IQKeyboardManager.swift */ = {isa = PBXFileReference; fileEncoding = 4; lastKnownFileType = sourcecode.swift; path = IQKeyboardManager.swift; sourceTree = "<group>"; };
		002D99B22921AABA00ED80CE /* IQKeyboardManager+Debug.swift */ = {isa = PBXFileReference; fileEncoding = 4; lastKnownFileType = sourcecode.swift; path = "IQKeyboardManager+Debug.swift"; sourceTree = "<group>"; };
		002D99B32921AABA00ED80CE /* IQKeyboardManager+OrientationNotification.swift */ = {isa = PBXFileReference; fileEncoding = 4; lastKnownFileType = sourcecode.swift; path = "IQKeyboardManager+OrientationNotification.swift"; sourceTree = "<group>"; };
		002D99B42921AABA00ED80CE /* IQKeyboardManager+Toolbar.swift */ = {isa = PBXFileReference; fileEncoding = 4; lastKnownFileType = sourcecode.swift; path = "IQKeyboardManager+Toolbar.swift"; sourceTree = "<group>"; };
		002D99B52921AABA00ED80CE /* IQKeyboardManagerSwift.h */ = {isa = PBXFileReference; fileEncoding = 4; lastKnownFileType = sourcecode.c.h; path = IQKeyboardManagerSwift.h; sourceTree = "<group>"; };
		002D99B72921AABA00ED80CE /* IQUIScrollView+Additions.swift */ = {isa = PBXFileReference; fileEncoding = 4; lastKnownFileType = sourcecode.swift; path = "IQUIScrollView+Additions.swift"; sourceTree = "<group>"; };
		002D99B82921AABA00ED80CE /* IQUIViewController+Additions.swift */ = {isa = PBXFileReference; fileEncoding = 4; lastKnownFileType = sourcecode.swift; path = "IQUIViewController+Additions.swift"; sourceTree = "<group>"; };
		002D99B92921AABA00ED80CE /* IQUITextFieldView+Additions.swift */ = {isa = PBXFileReference; fileEncoding = 4; lastKnownFileType = sourcecode.swift; path = "IQUITextFieldView+Additions.swift"; sourceTree = "<group>"; };
		002D99BA2921AABA00ED80CE /* IQUIView+Hierarchy.swift */ = {isa = PBXFileReference; fileEncoding = 4; lastKnownFileType = sourcecode.swift; path = "IQUIView+Hierarchy.swift"; sourceTree = "<group>"; };
		002D99BB2921AABA00ED80CE /* IQNSArray+Sort.swift */ = {isa = PBXFileReference; fileEncoding = 4; lastKnownFileType = sourcecode.swift; path = "IQNSArray+Sort.swift"; sourceTree = "<group>"; };
		002D99BC2921AABA00ED80CE /* IQKeyboardManager+UITextFieldViewNotification.swift */ = {isa = PBXFileReference; fileEncoding = 4; lastKnownFileType = sourcecode.swift; path = "IQKeyboardManager+UITextFieldViewNotification.swift"; sourceTree = "<group>"; };
		003A26C22919F4B200821AAA /* MonopolyGame.app */ = {isa = PBXFileReference; explicitFileType = wrapper.application; includeInIndex = 0; path = MonopolyGame.app; sourceTree = BUILT_PRODUCTS_DIR; };
		003A26C52919F4B200821AAA /* AppDelegate.swift */ = {isa = PBXFileReference; lastKnownFileType = sourcecode.swift; path = AppDelegate.swift; sourceTree = "<group>"; };
		003A26C92919F4B200821AAA /* Actions.sks */ = {isa = PBXFileReference; lastKnownFileType = file.sks; path = Actions.sks; sourceTree = "<group>"; };
		003A26CD2919F4B200821AAA /* GameViewController.swift */ = {isa = PBXFileReference; lastKnownFileType = sourcecode.swift; path = GameViewController.swift; sourceTree = "<group>"; };
		003A26D02919F4B200821AAA /* Base */ = {isa = PBXFileReference; lastKnownFileType = file.storyboard; name = Base; path = Base.lproj/Main.storyboard; sourceTree = "<group>"; };
		003A26D22919F4B300821AAA /* Assets.xcassets */ = {isa = PBXFileReference; lastKnownFileType = folder.assetcatalog; path = Assets.xcassets; sourceTree = "<group>"; };
		003A26D52919F4B300821AAA /* Base */ = {isa = PBXFileReference; lastKnownFileType = file.storyboard; name = Base; path = Base.lproj/LaunchScreen.storyboard; sourceTree = "<group>"; };
		0043A44D2926598400C1D2CC /* Assets.swift */ = {isa = PBXFileReference; fileEncoding = 4; lastKnownFileType = sourcecode.swift; path = Assets.swift; sourceTree = "<group>"; };
		004D3D6A291F04D00050D396 /* BoardScene.sks */ = {isa = PBXFileReference; lastKnownFileType = file.sks; path = BoardScene.sks; sourceTree = "<group>"; };
		004D3D6D291F12280050D396 /* MonopolyMusic.mp3 */ = {isa = PBXFileReference; lastKnownFileType = audio.mp3; path = MonopolyMusic.mp3; sourceTree = "<group>"; };
		0056EA58292284610090EC72 /* jail.json */ = {isa = PBXFileReference; fileEncoding = 4; lastKnownFileType = text.json; path = jail.json; sourceTree = "<group>"; };
		0056EA5A29228FC70090EC72 /* jail.mp3 */ = {isa = PBXFileReference; lastKnownFileType = audio.mp3; path = jail.mp3; sourceTree = "<group>"; };
		0056EA5C29229C740090EC72 /* chance.json */ = {isa = PBXFileReference; fileEncoding = 4; lastKnownFileType = text.json; path = chance.json; sourceTree = "<group>"; };
		0056EA5E2922A2B50090EC72 /* chance.mp3 */ = {isa = PBXFileReference; lastKnownFileType = audio.mp3; path = chance.mp3; sourceTree = "<group>"; };
		008A556A292112C90001AEBB /* move.mp3 */ = {isa = PBXFileReference; lastKnownFileType = audio.mp3; path = move.mp3; sourceTree = "<group>"; };
		008A556C292115950001AEBB /* AudioManager.swift */ = {isa = PBXFileReference; fileEncoding = 4; lastKnownFileType = sourcecode.swift; path = AudioManager.swift; sourceTree = "<group>"; };
		008F5645292EB5E90085BD51 /* sad.json */ = {isa = PBXFileReference; fileEncoding = 4; lastKnownFileType = text.json; path = sad.json; sourceTree = "<group>"; };
		008F5649292EC7320085BD51 /* sad.mp3 */ = {isa = PBXFileReference; lastKnownFileType = audio.mp3; path = sad.mp3; sourceTree = "<group>"; };
		00C6FF6D2922ABAA0042F5C2 /* chest.json */ = {isa = PBXFileReference; fileEncoding = 4; lastKnownFileType = text.json; path = chest.json; sourceTree = "<group>"; };
		00C6FF6F2922ACC10042F5C2 /* chest.mp3 */ = {isa = PBXFileReference; lastKnownFileType = audio.mp3; path = chest.mp3; sourceTree = "<group>"; };
		4546E2F529274F9000F5CFCB /* Chances.swift */ = {isa = PBXFileReference; lastKnownFileType = sourcecode.swift; path = Chances.swift; sourceTree = "<group>"; };
		4546E2F729275AD100F5CFCB /* List+Extension.swift */ = {isa = PBXFileReference; lastKnownFileType = sourcecode.swift; path = "List+Extension.swift"; sourceTree = "<group>"; };
		4546E2F92927612E00F5CFCB /* CommunityChest.swift */ = {isa = PBXFileReference; lastKnownFileType = sourcecode.swift; path = CommunityChest.swift; sourceTree = "<group>"; };
/* End PBXFileReference section */

/* Begin PBXFrameworksBuildPhase section */
		003A26BF2919F4B200821AAA /* Frameworks */ = {
			isa = PBXFrameworksBuildPhase;
			buildActionMask = 2147483647;
			files = (
				00D6EB1629226712006D4BEA /* Lottie in Frameworks */,
			);
			runOnlyForDeploymentPostprocessing = 0;
		};
/* End PBXFrameworksBuildPhase section */

/* Begin PBXGroup section */
		0000BA6C29203B5C00B99039 /* GameScenes */ = {
			isa = PBXGroup;
			children = (
				0000BA6F29203B8900B99039 /* BoardScene.swift */,
				001D089829241E8D0072FC77 /* BoardScene+Action.swift */,
			);
			path = GameScenes;
			sourceTree = "<group>";
		};
		0006FC73291F7C2A0023DBAE /* PlayerNameDialog */ = {
			isa = PBXGroup;
			children = (
				0006FC74291F7C470023DBAE /* Play.swift */,
			);
			path = PlayerNameDialog;
			sourceTree = "<group>";
		};
		0006FC80291F81CE0023DBAE /* Utilites */ = {
			isa = PBXGroup;
			children = (
				0006FC8F291FAF940023DBAE /* Constants.swift */,
				0006FC82291F81EF0023DBAE /* makeNSMutableAttributedString.swift */,
				0006FC81291F81EF0023DBAE /* String+Extension.swift */,
				0006FCA0291FDB200023DBAE /* Alerts.swift */,
				4546E2F729275AD100F5CFCB /* List+Extension.swift */,
			);
			path = Utilites;
			sourceTree = "<group>";
		};
		0006FC85291F85C20023DBAE /* Managers */ = {
			isa = PBXGroup;
			children = (
				008A556C292115950001AEBB /* AudioManager.swift */,
				0006FC86291F85CC0023DBAE /* SoundAndHapticController.swift */,
			);
			path = Managers;
			sourceTree = "<group>";
		};
		0006FC88291F88BA0023DBAE /* Models */ = {
			isa = PBXGroup;
			children = (
				0006FC89291F88D20023DBAE /* Color.swift */,
				0043A44D2926598400C1D2CC /* Assets.swift */,
				0006FC8A291F88D20023DBAE /* Player.swift */,
				0006FC8B291F88D20023DBAE /* Property.swift */,
				4546E2F529274F9000F5CFCB /* Chances.swift */,
				4546E2F92927612E00F5CFCB /* CommunityChest.swift */,
			);
			path = Models;
			sourceTree = "<group>";
		};
		0006FC91291FAFEE0023DBAE /* Fonts */ = {
			isa = PBXGroup;
			children = (
				0006FC93291FAFFC0023DBAE /* Lato-Bold.ttf */,
				0006FC92291FAFFC0023DBAE /* Lato-Light.ttf */,
				0006FC94291FAFFC0023DBAE /* Lato-Regular.ttf */,
			);
			path = Fonts;
			sourceTree = "<group>";
		};
		0006FC95291FB8EB0023DBAE /* ViewControllers */ = {
			isa = PBXGroup;
			children = (
				003A26CD2919F4B200821AAA /* GameViewController.swift */,
				0006FC96291FB9050023DBAE /* LandingVc.swift */,
				0000BA6629202B4A00B99039 /* GameViewController+Ext.swift */,
				001D089629241ABE0072FC77 /* ChanceVC.swift */,
				001D089C292429C20072FC77 /* PropertyCardVc.swift */,
			);
			path = ViewControllers;
			sourceTree = "<group>";
		};
		0006FC98291FBB190023DBAE /* Cells */ = {
			isa = PBXGroup;
			children = (
				0006FCA3291FE5EE0023DBAE /* PlayerCell */,
				0006FCA2291FE5E10023DBAE /* PlayerSetup */,
			);
			path = Cells;
			sourceTree = "<group>";
		};
		0006FC9D291FC0720023DBAE /* Extentions */ = {
			isa = PBXGroup;
			children = (
				0006FC9E291FC0830023DBAE /* All.swift */,
			);
			path = Extentions;
			sourceTree = "<group>";
		};
		0006FCA2291FE5E10023DBAE /* PlayerSetup */ = {
			isa = PBXGroup;
			children = (
				0006FC99291FBB440023DBAE /* PlayerSetupCell.swift */,
				0006FC9A291FBB440023DBAE /* PlayerSetupCell.xib */,
			);
			path = PlayerSetup;
			sourceTree = "<group>";
		};
		0006FCA3291FE5EE0023DBAE /* PlayerCell */ = {
			isa = PBXGroup;
			children = (
				0006FCA4291FE60D0023DBAE /* PlayerCell.swift */,
				0006FCA5291FE60D0023DBAE /* PlayerCell.xib */,
			);
			path = PlayerCell;
			sourceTree = "<group>";
		};
		002D999E29216D3400ED80CE /* Others */ = {
			isa = PBXGroup;
			children = (
				003A26C92919F4B200821AAA /* Actions.sks */,
			);
			path = Others;
			sourceTree = "<group>";
		};
		002D999F2921AAAB00ED80CE /* ThirdParty */ = {
			isa = PBXGroup;
			children = (
				002D99A02921AABA00ED80CE /* IQKeyboardManagerSwift */,
			);
			path = ThirdParty;
			sourceTree = "<group>";
		};
		002D99A02921AABA00ED80CE /* IQKeyboardManagerSwift */ = {
			isa = PBXGroup;
			children = (
				002D99A12921AABA00ED80CE /* IQTextView */,
				002D99A32921AABA00ED80CE /* IQKeyboardManager+Internal.swift */,
				002D99A42921AABA00ED80CE /* IQToolbar */,
				002D99AB2921AABA00ED80CE /* IQKeyboardManager+UIKeyboardNotification.swift */,
				002D99AC2921AABA00ED80CE /* Constants */,
				002D99AF2921AABA00ED80CE /* IQKeyboardManager+Position.swift */,
				002D99B02921AABA00ED80CE /* IQKeyboardReturnKeyHandler.swift */,
				002D99B12921AABA00ED80CE /* IQKeyboardManager.swift */,
				002D99B22921AABA00ED80CE /* IQKeyboardManager+Debug.swift */,
				002D99B32921AABA00ED80CE /* IQKeyboardManager+OrientationNotification.swift */,
				002D99B42921AABA00ED80CE /* IQKeyboardManager+Toolbar.swift */,
				002D99B52921AABA00ED80CE /* IQKeyboardManagerSwift.h */,
				002D99B62921AABA00ED80CE /* Categories */,
				002D99BC2921AABA00ED80CE /* IQKeyboardManager+UITextFieldViewNotification.swift */,
			);
			path = IQKeyboardManagerSwift;
			sourceTree = "<group>";
		};
		002D99A12921AABA00ED80CE /* IQTextView */ = {
			isa = PBXGroup;
			children = (
				002D99A22921AABA00ED80CE /* IQTextView.swift */,
			);
			path = IQTextView;
			sourceTree = "<group>";
		};
		002D99A42921AABA00ED80CE /* IQToolbar */ = {
			isa = PBXGroup;
			children = (
				002D99A52921AABA00ED80CE /* IQPreviousNextView.swift */,
				002D99A62921AABA00ED80CE /* IQTitleBarButtonItem.swift */,
				002D99A72921AABA00ED80CE /* IQBarButtonItem.swift */,
				002D99A82921AABA00ED80CE /* IQToolbar.swift */,
				002D99A92921AABA00ED80CE /* IQUIView+IQKeyboardToolbar.swift */,
				002D99AA2921AABA00ED80CE /* IQInvocation.swift */,
			);
			path = IQToolbar;
			sourceTree = "<group>";
		};
		002D99AC2921AABA00ED80CE /* Constants */ = {
			isa = PBXGroup;
			children = (
				002D99AD2921AABA00ED80CE /* IQKeyboardManagerConstantsInternal.swift */,
				002D99AE2921AABA00ED80CE /* IQKeyboardManagerConstants.swift */,
			);
			path = Constants;
			sourceTree = "<group>";
		};
		002D99B62921AABA00ED80CE /* Categories */ = {
			isa = PBXGroup;
			children = (
				002D99B72921AABA00ED80CE /* IQUIScrollView+Additions.swift */,
				002D99B82921AABA00ED80CE /* IQUIViewController+Additions.swift */,
				002D99B92921AABA00ED80CE /* IQUITextFieldView+Additions.swift */,
				002D99BA2921AABA00ED80CE /* IQUIView+Hierarchy.swift */,
				002D99BB2921AABA00ED80CE /* IQNSArray+Sort.swift */,
			);
			path = Categories;
			sourceTree = "<group>";
		};
		003A26B92919F4B200821AAA = {
			isa = PBXGroup;
			children = (
				003A26C42919F4B200821AAA /* MonopolyGame */,
				003A26C32919F4B200821AAA /* Products */,
			);
			sourceTree = "<group>";
		};
		003A26C32919F4B200821AAA /* Products */ = {
			isa = PBXGroup;
			children = (
				003A26C22919F4B200821AAA /* MonopolyGame.app */,
			);
			name = Products;
			sourceTree = "<group>";
		};
		003A26C42919F4B200821AAA /* MonopolyGame */ = {
			isa = PBXGroup;
			children = (
				0056EA572922843F0090EC72 /* LottieAnimations */,
				002D999F2921AAAB00ED80CE /* ThirdParty */,
				002D999E29216D3400ED80CE /* Others */,
				0000BA6C29203B5C00B99039 /* GameScenes */,
				0006FC9D291FC0720023DBAE /* Extentions */,
				0006FC98291FBB190023DBAE /* Cells */,
				0006FC95291FB8EB0023DBAE /* ViewControllers */,
				0006FC91291FAFEE0023DBAE /* Fonts */,
				0006FC88291F88BA0023DBAE /* Models */,
				0006FC85291F85C20023DBAE /* Managers */,
				0006FC80291F81CE0023DBAE /* Utilites */,
				0006FC73291F7C2A0023DBAE /* PlayerNameDialog */,
				004D3D6C291F121B0050D396 /* Sounds */,
				003A26C52919F4B200821AAA /* AppDelegate.swift */,
				003A26CF2919F4B200821AAA /* Main.storyboard */,
				003A26D22919F4B300821AAA /* Assets.xcassets */,
				003A26D42919F4B300821AAA /* LaunchScreen.storyboard */,
				004D3D6A291F04D00050D396 /* BoardScene.sks */,
			);
			path = MonopolyGame;
			sourceTree = "<group>";
		};
		004D3D6C291F121B0050D396 /* Sounds */ = {
			isa = PBXGroup;
			children = (
				0000BA6A292033C100B99039 /* MonopolyMusic3.mp3 */,
				008F5649292EC7320085BD51 /* sad.mp3 */,
				0056EA5E2922A2B50090EC72 /* chance.mp3 */,
				001D088E292406FD0072FC77 /* parking.mp3 */,
				001D088A2924057A0072FC77 /* light.mp3 */,
				001D089429240C0C0072FC77 /* water.mp3 */,
				001D089E292431BD0072FC77 /* card.mp3 */,
				001D08802923FDB00072FC77 /* tax.mp3 */,
				001D0886292402F30072FC77 /* rail.mp3 */,
				00C6FF6F2922ACC10042F5C2 /* chest.mp3 */,
				0056EA5A29228FC70090EC72 /* jail.mp3 */,
				0000BA682920330000B99039 /* MonopolyMusic2.mp3 */,
				008A556A292112C90001AEBB /* move.mp3 */,
				0006FC7A291F81850023DBAE /* dice_collision1.wav */,
				0006FC76291F81850023DBAE /* dice_collision2.wav */,
				0006FC79291F81850023DBAE /* dice_collision3.wav */,
				0006FC78291F81850023DBAE /* dice_collision4.wav */,
				004D3D6D291F12280050D396 /* MonopolyMusic.mp3 */,
			);
			path = Sounds;
			sourceTree = "<group>";
		};
		0056EA572922843F0090EC72 /* LottieAnimations */ = {
			isa = PBXGroup;
			children = (
				001D0888292405190072FC77 /* light.json */,
				001D08842924022F0072FC77 /* rail.json */,
				001D089A2924259D0072FC77 /* star.json */,
				008F5645292EB5E90085BD51 /* sad.json */,
				001D088C2924060F0072FC77 /* parking.json */,
				001D08902924091A0072FC77 /* water.json */,
				001D087E2923FC680072FC77 /* tax.json */,
				001D08822924019C0072FC77 /* money_receive.json */,
				00C6FF6D2922ABAA0042F5C2 /* chest.json */,
				0056EA5C29229C740090EC72 /* chance.json */,
				0056EA58292284610090EC72 /* jail.json */,
			);
			path = LottieAnimations;
			sourceTree = "<group>";
		};
/* End PBXGroup section */

/* Begin PBXNativeTarget section */
		003A26C12919F4B200821AAA /* MonopolyGame */ = {
			isa = PBXNativeTarget;
			buildConfigurationList = 003A26D92919F4B300821AAA /* Build configuration list for PBXNativeTarget "MonopolyGame" */;
			buildPhases = (
				003A26BE2919F4B200821AAA /* Sources */,
				003A26BF2919F4B200821AAA /* Frameworks */,
				003A26C02919F4B200821AAA /* Resources */,
			);
			buildRules = (
			);
			dependencies = (
			);
			name = MonopolyGame;
			packageProductDependencies = (
				00D6EB1529226712006D4BEA /* Lottie */,
			);
			productName = MonopolyGame;
			productReference = 003A26C22919F4B200821AAA /* MonopolyGame.app */;
			productType = "com.apple.product-type.application";
		};
/* End PBXNativeTarget section */

/* Begin PBXProject section */
		003A26BA2919F4B200821AAA /* Project object */ = {
			isa = PBXProject;
			attributes = {
				BuildIndependentTargetsInParallel = 1;
				LastSwiftUpdateCheck = 1330;
				LastUpgradeCheck = 1330;
				TargetAttributes = {
					003A26C12919F4B200821AAA = {
						CreatedOnToolsVersion = 13.3;
					};
				};
			};
			buildConfigurationList = 003A26BD2919F4B200821AAA /* Build configuration list for PBXProject "MonopolyGame" */;
			compatibilityVersion = "Xcode 13.0";
			developmentRegion = en;
			hasScannedForEncodings = 0;
			knownRegions = (
				en,
				Base,
			);
			mainGroup = 003A26B92919F4B200821AAA;
			packageReferences = (
				00D6EB1429226712006D4BEA /* XCRemoteSwiftPackageReference "lottie-ios" */,
			);
			productRefGroup = 003A26C32919F4B200821AAA /* Products */;
			projectDirPath = "";
			projectRoot = "";
			targets = (
				003A26C12919F4B200821AAA /* MonopolyGame */,
			);
		};
/* End PBXProject section */

/* Begin PBXResourcesBuildPhase section */
		003A26C02919F4B200821AAA /* Resources */ = {
			isa = PBXResourcesBuildPhase;
			buildActionMask = 2147483647;
			files = (
				003A26D12919F4B200821AAA /* Main.storyboard in Resources */,
				0006FC7F291F81850023DBAE /* dice_collision1.wav in Resources */,
				0006FC9C291FBB440023DBAE /* PlayerSetupCell.xib in Resources */,
				001D088F292406FD0072FC77 /* parking.mp3 in Resources */,
				0006FC7D291F81850023DBAE /* dice_collision4.wav in Resources */,
				001D08912924091A0072FC77 /* water.json in Resources */,
				003A26D32919F4B300821AAA /* Assets.xcassets in Resources */,
				0000BA6B292033C100B99039 /* MonopolyMusic3.mp3 in Resources */,
				008F5646292EB5E90085BD51 /* sad.json in Resources */,
				008F564A292EC7320085BD51 /* sad.mp3 in Resources */,
				0006FC7B291F81850023DBAE /* dice_collision2.wav in Resources */,
				001D08812923FDB00072FC77 /* tax.mp3 in Resources */,
				001D089529240C0C0072FC77 /* water.mp3 in Resources */,
				0056EA5D29229C740090EC72 /* chance.json in Resources */,
				0056EA5F2922A2B50090EC72 /* chance.mp3 in Resources */,
				00C6FF702922ACC10042F5C2 /* chest.mp3 in Resources */,
				001D0889292405190072FC77 /* light.json in Resources */,
				00C6FF6E2922ABAA0042F5C2 /* chest.json in Resources */,
				0006FC7E291F81850023DBAE /* dice_collision3.wav in Resources */,
				004D3D6B291F04D00050D396 /* BoardScene.sks in Resources */,
				001D08852924022F0072FC77 /* rail.json in Resources */,
				001D087F2923FC680072FC77 /* tax.json in Resources */,
				0056EA59292284610090EC72 /* jail.json in Resources */,
				004D3D6E291F12280050D396 /* MonopolyMusic.mp3 in Resources */,
				001D0887292402F30072FC77 /* rail.mp3 in Resources */,
				001D088D2924060F0072FC77 /* parking.json in Resources */,
				0006FCA7291FE60D0023DBAE /* PlayerCell.xib in Resources */,
				008A556B292112C90001AEBB /* move.mp3 in Resources */,
				003A26D62919F4B300821AAA /* LaunchScreen.storyboard in Resources */,
				001D088B2924057A0072FC77 /* light.mp3 in Resources */,
				001D089F292431BD0072FC77 /* card.mp3 in Resources */,
				001D08832924019C0072FC77 /* money_receive.json in Resources */,
				0000BA692920330000B99039 /* MonopolyMusic2.mp3 in Resources */,
				003A26CA2919F4B200821AAA /* Actions.sks in Resources */,
				001D089B2924259D0072FC77 /* star.json in Resources */,
				0056EA5B29228FC70090EC72 /* jail.mp3 in Resources */,
			);
			runOnlyForDeploymentPostprocessing = 0;
		};
/* End PBXResourcesBuildPhase section */

/* Begin PBXSourcesBuildPhase section */
		003A26BE2919F4B200821AAA /* Sources */ = {
			isa = PBXSourcesBuildPhase;
			buildActionMask = 2147483647;
			files = (
				002D99CB2921AABA00ED80CE /* IQKeyboardManager+Debug.swift in Sources */,
				0006FC97291FB9050023DBAE /* LandingVc.swift in Sources */,
				002D99C72921AABA00ED80CE /* IQKeyboardManagerConstants.swift in Sources */,
				0006FCA1291FDB200023DBAE /* Alerts.swift in Sources */,
				002D99CD2921AABA00ED80CE /* IQKeyboardManager+Toolbar.swift in Sources */,
				002D99BF2921AABA00ED80CE /* IQPreviousNextView.swift in Sources */,
				002D99C92921AABA00ED80CE /* IQKeyboardReturnKeyHandler.swift in Sources */,
				002D99D12921AABA00ED80CE /* IQUIView+Hierarchy.swift in Sources */,
				0043A44E2926598400C1D2CC /* Assets.swift in Sources */,
				002D99CC2921AABA00ED80CE /* IQKeyboardManager+OrientationNotification.swift in Sources */,
				002D99D02921AABA00ED80CE /* IQUITextFieldView+Additions.swift in Sources */,
				4546E2FA2927612E00F5CFCB /* CommunityChest.swift in Sources */,
				001D089929241E8D0072FC77 /* BoardScene+Action.swift in Sources */,
				002D99CF2921AABA00ED80CE /* IQUIViewController+Additions.swift in Sources */,
				002D99D32921AABA00ED80CE /* IQKeyboardManager+UITextFieldViewNotification.swift in Sources */,
				002D99C02921AABA00ED80CE /* IQTitleBarButtonItem.swift in Sources */,
				4546E2F629274F9000F5CFCB /* Chances.swift in Sources */,
				002D99BE2921AABA00ED80CE /* IQKeyboardManager+Internal.swift in Sources */,
				008A556D292115950001AEBB /* AudioManager.swift in Sources */,
				0006FC8E291F88D20023DBAE /* Property.swift in Sources */,
				002D99C12921AABA00ED80CE /* IQBarButtonItem.swift in Sources */,
				0006FC90291FAF940023DBAE /* Constants.swift in Sources */,
				002D99C42921AABA00ED80CE /* IQInvocation.swift in Sources */,
				003A26CE2919F4B200821AAA /* GameViewController.swift in Sources */,
				0000BA6729202B4A00B99039 /* GameViewController+Ext.swift in Sources */,
				002D99CE2921AABA00ED80CE /* IQUIScrollView+Additions.swift in Sources */,
				0006FC84291F81EF0023DBAE /* makeNSMutableAttributedString.swift in Sources */,
				003A26C62919F4B200821AAA /* AppDelegate.swift in Sources */,
				002D99C32921AABA00ED80CE /* IQUIView+IQKeyboardToolbar.swift in Sources */,
				002D99C62921AABA00ED80CE /* IQKeyboardManagerConstantsInternal.swift in Sources */,
				0006FCA6291FE60D0023DBAE /* PlayerCell.swift in Sources */,
				0006FC83291F81EF0023DBAE /* String+Extension.swift in Sources */,
				4546E2F829275AD100F5CFCB /* List+Extension.swift in Sources */,
				0006FC8C291F88D20023DBAE /* Color.swift in Sources */,
				0006FC87291F85CC0023DBAE /* SoundAndHapticController.swift in Sources */,
				001D089D292429C20072FC77 /* PropertyCardVc.swift in Sources */,
				0006FC8D291F88D20023DBAE /* Player.swift in Sources */,
				0006FC9F291FC0830023DBAE /* All.swift in Sources */,
				001D089729241ABE0072FC77 /* ChanceVC.swift in Sources */,
				002D99CA2921AABA00ED80CE /* IQKeyboardManager.swift in Sources */,
				0000BA7029203B8900B99039 /* BoardScene.swift in Sources */,
				0006FC75291F7C470023DBAE /* Play.swift in Sources */,
				002D99C52921AABA00ED80CE /* IQKeyboardManager+UIKeyboardNotification.swift in Sources */,
				002D99C82921AABA00ED80CE /* IQKeyboardManager+Position.swift in Sources */,
				002D99D22921AABA00ED80CE /* IQNSArray+Sort.swift in Sources */,
				002D99BD2921AABA00ED80CE /* IQTextView.swift in Sources */,
				0006FC9B291FBB440023DBAE /* PlayerSetupCell.swift in Sources */,
				002D99C22921AABA00ED80CE /* IQToolbar.swift in Sources */,
			);
			runOnlyForDeploymentPostprocessing = 0;
		};
/* End PBXSourcesBuildPhase section */

/* Begin PBXVariantGroup section */
		003A26CF2919F4B200821AAA /* Main.storyboard */ = {
			isa = PBXVariantGroup;
			children = (
				003A26D02919F4B200821AAA /* Base */,
			);
			name = Main.storyboard;
			sourceTree = "<group>";
		};
		003A26D42919F4B300821AAA /* LaunchScreen.storyboard */ = {
			isa = PBXVariantGroup;
			children = (
				003A26D52919F4B300821AAA /* Base */,
			);
			name = LaunchScreen.storyboard;
			sourceTree = "<group>";
		};
/* End PBXVariantGroup section */

/* Begin XCBuildConfiguration section */
		003A26D72919F4B300821AAA /* Debug */ = {
			isa = XCBuildConfiguration;
			buildSettings = {
				ALWAYS_SEARCH_USER_PATHS = NO;
				CLANG_ANALYZER_NONNULL = YES;
				CLANG_ANALYZER_NUMBER_OBJECT_CONVERSION = YES_AGGRESSIVE;
				CLANG_CXX_LANGUAGE_STANDARD = "gnu++17";
				CLANG_ENABLE_MODULES = YES;
				CLANG_ENABLE_OBJC_ARC = YES;
				CLANG_ENABLE_OBJC_WEAK = YES;
				CLANG_WARN_BLOCK_CAPTURE_AUTORELEASING = YES;
				CLANG_WARN_BOOL_CONVERSION = YES;
				CLANG_WARN_COMMA = YES;
				CLANG_WARN_CONSTANT_CONVERSION = YES;
				CLANG_WARN_DEPRECATED_OBJC_IMPLEMENTATIONS = YES;
				CLANG_WARN_DIRECT_OBJC_ISA_USAGE = YES_ERROR;
				CLANG_WARN_DOCUMENTATION_COMMENTS = YES;
				CLANG_WARN_EMPTY_BODY = YES;
				CLANG_WARN_ENUM_CONVERSION = YES;
				CLANG_WARN_INFINITE_RECURSION = YES;
				CLANG_WARN_INT_CONVERSION = YES;
				CLANG_WARN_NON_LITERAL_NULL_CONVERSION = YES;
				CLANG_WARN_OBJC_IMPLICIT_RETAIN_SELF = YES;
				CLANG_WARN_OBJC_LITERAL_CONVERSION = YES;
				CLANG_WARN_OBJC_ROOT_CLASS = YES_ERROR;
				CLANG_WARN_QUOTED_INCLUDE_IN_FRAMEWORK_HEADER = YES;
				CLANG_WARN_RANGE_LOOP_ANALYSIS = YES;
				CLANG_WARN_STRICT_PROTOTYPES = YES;
				CLANG_WARN_SUSPICIOUS_MOVE = YES;
				CLANG_WARN_UNGUARDED_AVAILABILITY = YES_AGGRESSIVE;
				CLANG_WARN_UNREACHABLE_CODE = YES;
				CLANG_WARN__DUPLICATE_METHOD_MATCH = YES;
				COPY_PHASE_STRIP = NO;
				DEBUG_INFORMATION_FORMAT = dwarf;
				ENABLE_STRICT_OBJC_MSGSEND = YES;
				ENABLE_TESTABILITY = YES;
				GCC_C_LANGUAGE_STANDARD = gnu11;
				GCC_DYNAMIC_NO_PIC = NO;
				GCC_NO_COMMON_BLOCKS = YES;
				GCC_OPTIMIZATION_LEVEL = 0;
				GCC_PREPROCESSOR_DEFINITIONS = (
					"DEBUG=1",
					"$(inherited)",
				);
				GCC_WARN_64_TO_32_BIT_CONVERSION = YES;
				GCC_WARN_ABOUT_RETURN_TYPE = YES_ERROR;
				GCC_WARN_UNDECLARED_SELECTOR = YES;
				GCC_WARN_UNINITIALIZED_AUTOS = YES_AGGRESSIVE;
				GCC_WARN_UNUSED_FUNCTION = YES;
				GCC_WARN_UNUSED_VARIABLE = YES;
				IPHONEOS_DEPLOYMENT_TARGET = 13.0;
				MTL_ENABLE_DEBUG_INFO = INCLUDE_SOURCE;
				MTL_FAST_MATH = YES;
				ONLY_ACTIVE_ARCH = YES;
				SDKROOT = iphoneos;
				SWIFT_ACTIVE_COMPILATION_CONDITIONS = DEBUG;
				SWIFT_OPTIMIZATION_LEVEL = "-Onone";
			};
			name = Debug;
		};
		003A26D82919F4B300821AAA /* Release */ = {
			isa = XCBuildConfiguration;
			buildSettings = {
				ALWAYS_SEARCH_USER_PATHS = NO;
				CLANG_ANALYZER_NONNULL = YES;
				CLANG_ANALYZER_NUMBER_OBJECT_CONVERSION = YES_AGGRESSIVE;
				CLANG_CXX_LANGUAGE_STANDARD = "gnu++17";
				CLANG_ENABLE_MODULES = YES;
				CLANG_ENABLE_OBJC_ARC = YES;
				CLANG_ENABLE_OBJC_WEAK = YES;
				CLANG_WARN_BLOCK_CAPTURE_AUTORELEASING = YES;
				CLANG_WARN_BOOL_CONVERSION = YES;
				CLANG_WARN_COMMA = YES;
				CLANG_WARN_CONSTANT_CONVERSION = YES;
				CLANG_WARN_DEPRECATED_OBJC_IMPLEMENTATIONS = YES;
				CLANG_WARN_DIRECT_OBJC_ISA_USAGE = YES_ERROR;
				CLANG_WARN_DOCUMENTATION_COMMENTS = YES;
				CLANG_WARN_EMPTY_BODY = YES;
				CLANG_WARN_ENUM_CONVERSION = YES;
				CLANG_WARN_INFINITE_RECURSION = YES;
				CLANG_WARN_INT_CONVERSION = YES;
				CLANG_WARN_NON_LITERAL_NULL_CONVERSION = YES;
				CLANG_WARN_OBJC_IMPLICIT_RETAIN_SELF = YES;
				CLANG_WARN_OBJC_LITERAL_CONVERSION = YES;
				CLANG_WARN_OBJC_ROOT_CLASS = YES_ERROR;
				CLANG_WARN_QUOTED_INCLUDE_IN_FRAMEWORK_HEADER = YES;
				CLANG_WARN_RANGE_LOOP_ANALYSIS = YES;
				CLANG_WARN_STRICT_PROTOTYPES = YES;
				CLANG_WARN_SUSPICIOUS_MOVE = YES;
				CLANG_WARN_UNGUARDED_AVAILABILITY = YES_AGGRESSIVE;
				CLANG_WARN_UNREACHABLE_CODE = YES;
				CLANG_WARN__DUPLICATE_METHOD_MATCH = YES;
				COPY_PHASE_STRIP = NO;
				DEBUG_INFORMATION_FORMAT = "dwarf-with-dsym";
				ENABLE_NS_ASSERTIONS = NO;
				ENABLE_STRICT_OBJC_MSGSEND = YES;
				GCC_C_LANGUAGE_STANDARD = gnu11;
				GCC_NO_COMMON_BLOCKS = YES;
				GCC_WARN_64_TO_32_BIT_CONVERSION = YES;
				GCC_WARN_ABOUT_RETURN_TYPE = YES_ERROR;
				GCC_WARN_UNDECLARED_SELECTOR = YES;
				GCC_WARN_UNINITIALIZED_AUTOS = YES_AGGRESSIVE;
				GCC_WARN_UNUSED_FUNCTION = YES;
				GCC_WARN_UNUSED_VARIABLE = YES;
				IPHONEOS_DEPLOYMENT_TARGET = 13.0;
				MTL_ENABLE_DEBUG_INFO = NO;
				MTL_FAST_MATH = YES;
				SDKROOT = iphoneos;
				SWIFT_COMPILATION_MODE = wholemodule;
				SWIFT_OPTIMIZATION_LEVEL = "-O";
				VALIDATE_PRODUCT = YES;
			};
			name = Release;
		};
		003A26DA2919F4B300821AAA /* Debug */ = {
			isa = XCBuildConfiguration;
			buildSettings = {
				ASSETCATALOG_COMPILER_APPICON_NAME = AppIcon;
				ASSETCATALOG_COMPILER_GLOBAL_ACCENT_COLOR_NAME = AccentColor;
				CODE_SIGN_STYLE = Automatic;
				CURRENT_PROJECT_VERSION = 1;
				GENERATE_INFOPLIST_FILE = YES;
				INFOPLIST_KEY_UIApplicationSupportsIndirectInputEvents = YES;
				INFOPLIST_KEY_UILaunchStoryboardName = LaunchScreen;
				INFOPLIST_KEY_UIMainStoryboardFile = Main;
				INFOPLIST_KEY_UIRequiresFullScreen = NO;
				INFOPLIST_KEY_UIStatusBarHidden = YES;
				INFOPLIST_KEY_UISupportedInterfaceOrientations = UIInterfaceOrientationLandscapeRight;
				IPHONEOS_DEPLOYMENT_TARGET = 13.0;
				LD_RUNPATH_SEARCH_PATHS = (
					"$(inherited)",
					"@executable_path/Frameworks",
				);
				MARKETING_VERSION = 1.0;
				PRODUCT_BUNDLE_IDENTIFIER = edu.northwest.MonopolyGame;
				PRODUCT_NAME = "$(TARGET_NAME)";
				SWIFT_EMIT_LOC_STRINGS = YES;
				SWIFT_VERSION = 5.0;
				TARGETED_DEVICE_FAMILY = "1,2";
			};
			name = Debug;
		};
		003A26DB2919F4B300821AAA /* Release */ = {
			isa = XCBuildConfiguration;
			buildSettings = {
				ASSETCATALOG_COMPILER_APPICON_NAME = AppIcon;
				ASSETCATALOG_COMPILER_GLOBAL_ACCENT_COLOR_NAME = AccentColor;
				CODE_SIGN_STYLE = Automatic;
				CURRENT_PROJECT_VERSION = 1;
				GENERATE_INFOPLIST_FILE = YES;
				INFOPLIST_KEY_UIApplicationSupportsIndirectInputEvents = YES;
				INFOPLIST_KEY_UILaunchStoryboardName = LaunchScreen;
				INFOPLIST_KEY_UIMainStoryboardFile = Main;
				INFOPLIST_KEY_UIRequiresFullScreen = NO;
				INFOPLIST_KEY_UIStatusBarHidden = YES;
				INFOPLIST_KEY_UISupportedInterfaceOrientations = UIInterfaceOrientationLandscapeRight;
				IPHONEOS_DEPLOYMENT_TARGET = 13.0;
				LD_RUNPATH_SEARCH_PATHS = (
					"$(inherited)",
					"@executable_path/Frameworks",
				);
				MARKETING_VERSION = 1.0;
				PRODUCT_BUNDLE_IDENTIFIER = edu.northwest.MonopolyGame;
				PRODUCT_NAME = "$(TARGET_NAME)";
				SWIFT_EMIT_LOC_STRINGS = YES;
				SWIFT_VERSION = 5.0;
				TARGETED_DEVICE_FAMILY = "1,2";
			};
			name = Release;
		};
/* End XCBuildConfiguration section */

/* Begin XCConfigurationList section */
		003A26BD2919F4B200821AAA /* Build configuration list for PBXProject "MonopolyGame" */ = {
			isa = XCConfigurationList;
			buildConfigurations = (
				003A26D72919F4B300821AAA /* Debug */,
				003A26D82919F4B300821AAA /* Release */,
			);
			defaultConfigurationIsVisible = 0;
			defaultConfigurationName = Release;
		};
		003A26D92919F4B300821AAA /* Build configuration list for PBXNativeTarget "MonopolyGame" */ = {
			isa = XCConfigurationList;
			buildConfigurations = (
				003A26DA2919F4B300821AAA /* Debug */,
				003A26DB2919F4B300821AAA /* Release */,
			);
			defaultConfigurationIsVisible = 0;
			defaultConfigurationName = Release;
		};
/* End XCConfigurationList section */

/* Begin XCRemoteSwiftPackageReference section */
		00D6EB1429226712006D4BEA /* XCRemoteSwiftPackageReference "lottie-ios" */ = {
			isa = XCRemoteSwiftPackageReference;
			repositoryURL = "https://github.com/airbnb/lottie-ios.git";
			requirement = {
				kind = upToNextMajorVersion;
				minimumVersion = 3.0.0;
			};
		};
/* End XCRemoteSwiftPackageReference section */

/* Begin XCSwiftPackageProductDependency section */
		00D6EB1529226712006D4BEA /* Lottie */ = {
			isa = XCSwiftPackageProductDependency;
			package = 00D6EB1429226712006D4BEA /* XCRemoteSwiftPackageReference "lottie-ios" */;
			productName = Lottie;
		};
/* End XCSwiftPackageProductDependency section */
	};
	rootObject = 003A26BA2919F4B200821AAA /* Project object */;
}
